// !$*UTF8*$!
{
	archiveVersion = 1;
	classes = {
	};
	objectVersion = 50;
	objects = {

/* Begin PBXBuildFile section */
		1855DC0F21D1E93500FABF34 /* AppDelegate.swift in Sources */ = {isa = PBXBuildFile; fileRef = 1855DC0E21D1E93500FABF34 /* AppDelegate.swift */; };
		1855DC1121D1E93500FABF34 /* ViewController.swift in Sources */ = {isa = PBXBuildFile; fileRef = 1855DC1021D1E93500FABF34 /* ViewController.swift */; };
		1855DC1421D1E93500FABF34 /* Main.storyboard in Resources */ = {isa = PBXBuildFile; fileRef = 1855DC1221D1E93500FABF34 /* Main.storyboard */; };
		1855DC1621D1E93700FABF34 /* Assets.xcassets in Resources */ = {isa = PBXBuildFile; fileRef = 1855DC1521D1E93700FABF34 /* Assets.xcassets */; };
		1855DC1921D1E93700FABF34 /* LaunchScreen.storyboard in Resources */ = {isa = PBXBuildFile; fileRef = 1855DC1721D1E93700FABF34 /* LaunchScreen.storyboard */; };
		F38D31AE7EBB667FDAE6787E /* Pods_MYSelf.framework in Frameworks */ = {isa = PBXBuildFile; fileRef = 1210EA15C21D7B6DB97CE54C /* Pods_MYSelf.framework */; };
/* End PBXBuildFile section */

/* Begin PBXFileReference section */
		1210EA15C21D7B6DB97CE54C /* Pods_MYSelf.framework */ = {isa = PBXFileReference; explicitFileType = wrapper.framework; includeInIndex = 0; path = Pods_MYSelf.framework; sourceTree = BUILT_PRODUCTS_DIR; };
		1855DC0B21D1E93500FABF34 /* MYSelf.app */ = {isa = PBXFileReference; explicitFileType = wrapper.application; includeInIndex = 0; path = MYSelf.app; sourceTree = BUILT_PRODUCTS_DIR; };
		1855DC0E21D1E93500FABF34 /* AppDelegate.swift */ = {isa = PBXFileReference; lastKnownFileType = sourcecode.swift; path = AppDelegate.swift; sourceTree = "<group>"; };
		1855DC1021D1E93500FABF34 /* ViewController.swift */ = {isa = PBXFileReference; lastKnownFileType = sourcecode.swift; path = ViewController.swift; sourceTree = "<group>"; };
		1855DC1321D1E93500FABF34 /* Base */ = {isa = PBXFileReference; lastKnownFileType = file.storyboard; name = Base; path = Base.lproj/Main.storyboard; sourceTree = "<group>"; };
		1855DC1521D1E93700FABF34 /* Assets.xcassets */ = {isa = PBXFileReference; lastKnownFileType = folder.assetcatalog; path = Assets.xcassets; sourceTree = "<group>"; };
		1855DC1821D1E93700FABF34 /* Base */ = {isa = PBXFileReference; lastKnownFileType = file.storyboard; name = Base; path = Base.lproj/LaunchScreen.storyboard; sourceTree = "<group>"; };
		1855DC1A21D1E93700FABF34 /* Info.plist */ = {isa = PBXFileReference; lastKnownFileType = text.plist.xml; path = Info.plist; sourceTree = "<group>"; };
		A7FEAD4E72B314266077217C /* Pods-MYSelf.debug.xcconfig */ = {isa = PBXFileReference; includeInIndex = 1; lastKnownFileType = text.xcconfig; name = "Pods-MYSelf.debug.xcconfig"; path = "Pods/Target Support Files/Pods-MYSelf/Pods-MYSelf.debug.xcconfig"; sourceTree = "<group>"; };
		D33685A056301537C95ADC3F /* Pods-MYSelf.release.xcconfig */ = {isa = PBXFileReference; includeInIndex = 1; lastKnownFileType = text.xcconfig; name = "Pods-MYSelf.release.xcconfig"; path = "Pods/Target Support Files/Pods-MYSelf/Pods-MYSelf.release.xcconfig"; sourceTree = "<group>"; };
/* End PBXFileReference section */

/* Begin PBXFrameworksBuildPhase section */
		1855DC0821D1E93500FABF34 /* Frameworks */ = {
			isa = PBXFrameworksBuildPhase;
			buildActionMask = 2147483647;
			files = (
				F38D31AE7EBB667FDAE6787E /* Pods_MYSelf.framework in Frameworks */,
			);
			runOnlyForDeploymentPostprocessing = 0;
		};
/* End PBXFrameworksBuildPhase section */

/* Begin PBXGroup section */
		1855DC0221D1E93500FABF34 = {
			isa = PBXGroup;
			children = (
				1855DC0D21D1E93500FABF34 /* MYSelf */,
				1855DC0C21D1E93500FABF34 /* Products */,
				6518E8D5EB94A44E216C41E6 /* Pods */,
				40A4611109EBB66BA3AAFD31 /* Frameworks */,
			);
			sourceTree = "<group>";
		};
		1855DC0C21D1E93500FABF34 /* Products */ = {
			isa = PBXGroup;
			children = (
				1855DC0B21D1E93500FABF34 /* MYSelf.app */,
			);
			name = Products;
			sourceTree = "<group>";
		};
		1855DC0D21D1E93500FABF34 /* MYSelf */ = {
			isa = PBXGroup;
			children = (
				1855DC0E21D1E93500FABF34 /* AppDelegate.swift */,
				1855DC1021D1E93500FABF34 /* ViewController.swift */,
				1855DC1221D1E93500FABF34 /* Main.storyboard */,
				1855DC1521D1E93700FABF34 /* Assets.xcassets */,
				1855DC1721D1E93700FABF34 /* LaunchScreen.storyboard */,
				1855DC1A21D1E93700FABF34 /* Info.plist */,
			);
			path = MYSelf;
			sourceTree = "<group>";
		};
		40A4611109EBB66BA3AAFD31 /* Frameworks */ = {
			isa = PBXGroup;
			children = (
				1210EA15C21D7B6DB97CE54C /* Pods_MYSelf.framework */,
			);
			name = Frameworks;
			sourceTree = "<group>";
		};
		6518E8D5EB94A44E216C41E6 /* Pods */ = {
			isa = PBXGroup;
			children = (
				A7FEAD4E72B314266077217C /* Pods-MYSelf.debug.xcconfig */,
				D33685A056301537C95ADC3F /* Pods-MYSelf.release.xcconfig */,
			);
			name = Pods;
			sourceTree = "<group>";
		};
/* End PBXGroup section */

/* Begin PBXNativeTarget section */
		1855DC0A21D1E93500FABF34 /* MYSelf */ = {
			isa = PBXNativeTarget;
			buildConfigurationList = 1855DC1D21D1E93700FABF34 /* Build configuration list for PBXNativeTarget "MYSelf" */;
			buildPhases = (
				38B59C28B14EBE7608DC39DE /* [CP] Check Pods Manifest.lock */,
				1855DC0721D1E93500FABF34 /* Sources */,
				1855DC0821D1E93500FABF34 /* Frameworks */,
				1855DC0921D1E93500FABF34 /* Resources */,
				D7DEDE32D48DBA4471433170 /* [CP] Embed Pods Frameworks */,
			);
			buildRules = (
			);
			dependencies = (
			);
			name = MYSelf;
			productName = MYSelf;
			productReference = 1855DC0B21D1E93500FABF34 /* MYSelf.app */;
			productType = "com.apple.product-type.application";
		};
/* End PBXNativeTarget section */

/* Begin PBXProject section */
		1855DC0321D1E93500FABF34 /* Project object */ = {
			isa = PBXProject;
			attributes = {
				LastSwiftUpdateCheck = 0940;
				LastUpgradeCheck = 0940;
				ORGANIZATIONNAME = MY;
				TargetAttributes = {
					1855DC0A21D1E93500FABF34 = {
						CreatedOnToolsVersion = 9.4;
					};
				};
			};
			buildConfigurationList = 1855DC0621D1E93500FABF34 /* Build configuration list for PBXProject "MYSelf" */;
			compatibilityVersion = "Xcode 9.3";
			developmentRegion = en;
			hasScannedForEncodings = 0;
			knownRegions = (
				en,
				Base,
			);
			mainGroup = 1855DC0221D1E93500FABF34;
			productRefGroup = 1855DC0C21D1E93500FABF34 /* Products */;
			projectDirPath = "";
			projectRoot = "";
			targets = (
				1855DC0A21D1E93500FABF34 /* MYSelf */,
			);
		};
/* End PBXProject section */

/* Begin PBXResourcesBuildPhase section */
		1855DC0921D1E93500FABF34 /* Resources */ = {
			isa = PBXResourcesBuildPhase;
			buildActionMask = 2147483647;
			files = (
				1855DC1921D1E93700FABF34 /* LaunchScreen.storyboard in Resources */,
				1855DC1621D1E93700FABF34 /* Assets.xcassets in Resources */,
				1855DC1421D1E93500FABF34 /* Main.storyboard in Resources */,
			);
			runOnlyForDeploymentPostprocessing = 0;
		};
/* End PBXResourcesBuildPhase section */

/* Begin PBXShellScriptBuildPhase section */
		38B59C28B14EBE7608DC39DE /* [CP] Check Pods Manifest.lock */ = {
			isa = PBXShellScriptBuildPhase;
			buildActionMask = 2147483647;
			files = (
			);
			inputFileListPaths = (
			);
			inputPaths = (
				"${PODS_PODFILE_DIR_PATH}/Podfile.lock",
				"${PODS_ROOT}/Manifest.lock",
			);
			name = "[CP] Check Pods Manifest.lock";
			outputFileListPaths = (
			);
			outputPaths = (
				"$(DERIVED_FILE_DIR)/Pods-MYSelf-checkManifestLockResult.txt",
			);
			runOnlyForDeploymentPostprocessing = 0;
			shellPath = /bin/sh;
			shellScript = "diff \"${PODS_PODFILE_DIR_PATH}/Podfile.lock\" \"${PODS_ROOT}/Manifest.lock\" > /dev/null\nif [ $? != 0 ] ; then\n    # print error to STDERR\n    echo \"error: The sandbox is not in sync with the Podfile.lock. Run 'pod install' or update your CocoaPods installation.\" >&2\n    exit 1\nfi\n# This output is used by Xcode 'outputs' to avoid re-running this script phase.\necho \"SUCCESS\" > \"${SCRIPT_OUTPUT_FILE_0}\"\n";
			showEnvVarsInLog = 0;
		};
		D7DEDE32D48DBA4471433170 /* [CP] Embed Pods Frameworks */ = {
			isa = PBXShellScriptBuildPhase;
			buildActionMask = 2147483647;
			files = (
			);
			inputFileListPaths = (
			);
			inputPaths = (
				"${SRCROOT}/Pods/Target Support Files/Pods-MYSelf/Pods-MYSelf-frameworks.sh",
				"${BUILT_PRODUCTS_DIR}/AFNetworking/AFNetworking.framework",
			);
			name = "[CP] Embed Pods Frameworks";
			outputFileListPaths = (
			);
			outputPaths = (
				"${TARGET_BUILD_DIR}/${FRAMEWORKS_FOLDER_PATH}/AFNetworking.framework",
			);
			runOnlyForDeploymentPostprocessing = 0;
			shellPath = /bin/sh;
			shellScript = "\"${SRCROOT}/Pods/Target Support Files/Pods-MYSelf/Pods-MYSelf-frameworks.sh\"\n";
			showEnvVarsInLog = 0;
		};
/* End PBXShellScriptBuildPhase section */

/* Begin PBXSourcesBuildPhase section */
		1855DC0721D1E93500FABF34 /* Sources */ = {
			isa = PBXSourcesBuildPhase;
			buildActionMask = 2147483647;
			files = (
				1855DC1121D1E93500FABF34 /* ViewController.swift in Sources */,
				1855DC0F21D1E93500FABF34 /* AppDelegate.swift in Sources */,
			);
			runOnlyForDeploymentPostprocessing = 0;
		};
/* End PBXSourcesBuildPhase section */

/* Begin PBXVariantGroup section */
		1855DC1221D1E93500FABF34 /* Main.storyboard */ = {
			isa = PBXVariantGroup;
			children = (
				1855DC1321D1E93500FABF34 /* Base */,
			);
			name = Main.storyboard;
			sourceTree = "<group>";
		};
		1855DC1721D1E93700FABF34 /* LaunchScreen.storyboard */ = {
			isa = PBXVariantGroup;
			children = (
				1855DC1821D1E93700FABF34 /* Base */,
			);
			name = LaunchScreen.storyboard;
			sourceTree = "<group>";
		};
/* End PBXVariantGroup section */

/* Begin XCBuildConfiguration section */
		1855DC1B21D1E93700FABF34 /* Debug */ = {
			isa = XCBuildConfiguration;
			buildSettings = {
				ALWAYS_SEARCH_USER_PATHS = NO;
				CLANG_ANALYZER_NONNULL = YES;
				CLANG_ANALYZER_NUMBER_OBJECT_CONVERSION = YES_AGGRESSIVE;
				CLANG_CXX_LANGUAGE_STANDARD = "gnu++14";
				CLANG_CXX_LIBRARY = "libc++";
				CLANG_ENABLE_MODULES = YES;
				CLANG_ENABLE_OBJC_ARC = YES;
				CLANG_ENABLE_OBJC_WEAK = YES;
				CLANG_WARN_BLOCK_CAPTURE_AUTORELEASING = YES;
				CLANG_WARN_BOOL_CONVERSION = YES;
				CLANG_WARN_COMMA = YES;
				CLANG_WARN_CONSTANT_CONVERSION = YES;
				CLANG_WARN_DEPRECATED_OBJC_IMPLEMENTATIONS = YES;
				CLANG_WARN_DIRECT_OBJC_ISA_USAGE = YES_ERROR;
				CLANG_WARN_DOCUMENTATION_COMMENTS = YES;
				CLANG_WARN_EMPTY_BODY = YES;
				CLANG_WARN_ENUM_CONVERSION = YES;
				CLANG_WARN_INFINITE_RECURSION = YES;
				CLANG_WARN_INT_CONVERSION = YES;
				CLANG_WARN_NON_LITERAL_NULL_CONVERSION = YES;
				CLANG_WARN_OBJC_IMPLICIT_RETAIN_SELF = YES;
				CLANG_WARN_OBJC_LITERAL_CONVERSION = YES;
				CLANG_WARN_OBJC_ROOT_CLASS = YES_ERROR;
				CLANG_WARN_RANGE_LOOP_ANALYSIS = YES;
				CLANG_WARN_STRICT_PROTOTYPES = YES;
				CLANG_WARN_SUSPICIOUS_MOVE = YES;
				CLANG_WARN_UNGUARDED_AVAILABILITY = YES_AGGRESSIVE;
				CLANG_WARN_UNREACHABLE_CODE = YES;
				CLANG_WARN__DUPLICATE_METHOD_MATCH = YES;
				CODE_SIGN_IDENTITY = "iPhone Developer";
				COPY_PHASE_STRIP = NO;
				DEBUG_INFORMATION_FORMAT = dwarf;
				ENABLE_STRICT_OBJC_MSGSEND = YES;
				ENABLE_TESTABILITY = YES;
				GCC_C_LANGUAGE_STANDARD = gnu11;
				GCC_DYNAMIC_NO_PIC = NO;
				GCC_NO_COMMON_BLOCKS = YES;
				GCC_OPTIMIZATION_LEVEL = 0;
				GCC_PREPROCESSOR_DEFINITIONS = (
					"DEBUG=1",
					"$(inherited)",
				);
				GCC_WARN_64_TO_32_BIT_CONVERSION = YES;
				GCC_WARN_ABOUT_RETURN_TYPE = YES_ERROR;
				GCC_WARN_UNDECLARED_SELECTOR = YES;
				GCC_WARN_UNINITIALIZED_AUTOS = YES_AGGRESSIVE;
				GCC_WARN_UNUSED_FUNCTION = YES;
				GCC_WARN_UNUSED_VARIABLE = YES;
				IPHONEOS_DEPLOYMENT_TARGET = 11.4;
				MTL_ENABLE_DEBUG_INFO = YES;
				ONLY_ACTIVE_ARCH = YES;
				SDKROOT = iphoneos;
				SWIFT_ACTIVE_COMPILATION_CONDITIONS = DEBUG;
				SWIFT_OPTIMIZATION_LEVEL = "-Onone";
			};
			name = Debug;
		};
		1855DC1C21D1E93700FABF34 /* Release */ = {
			isa = XCBuildConfiguration;
			buildSettings = {
				ALWAYS_SEARCH_USER_PATHS = NO;
				CLANG_ANALYZER_NONNULL = YES;
				CLANG_ANALYZER_NUMBER_OBJECT_CONVERSION = YES_AGGRESSIVE;
				CLANG_CXX_LANGUAGE_STANDARD = "gnu++14";
				CLANG_CXX_LIBRARY = "libc++";
				CLANG_ENABLE_MODULES = YES;
				CLANG_ENABLE_OBJC_ARC = YES;
				CLANG_ENABLE_OBJC_WEAK = YES;
				CLANG_WARN_BLOCK_CAPTURE_AUTORELEASING = YES;
				CLANG_WARN_BOOL_CONVERSION = YES;
				CLANG_WARN_COMMA = YES;
				CLANG_WARN_CONSTANT_CONVERSION = YES;
				CLANG_WARN_DEPRECATED_OBJC_IMPLEMENTATIONS = YES;
				CLANG_WARN_DIRECT_OBJC_ISA_USAGE = YES_ERROR;
				CLANG_WARN_DOCUMENTATION_COMMENTS = YES;
				CLANG_WARN_EMPTY_BODY = YES;
				CLANG_WARN_ENUM_CONVERSION = YES;
				CLANG_WARN_INFINITE_RECURSION = YES;
				CLANG_WARN_INT_CONVERSION = YES;
				CLANG_WARN_NON_LITERAL_NULL_CONVERSION = YES;
				CLANG_WARN_OBJC_IMPLICIT_RETAIN_SELF = YES;
				CLANG_WARN_OBJC_LITERAL_CONVERSION = YES;
				CLANG_WARN_OBJC_ROOT_CLASS = YES_ERROR;
				CLANG_WARN_RANGE_LOOP_ANALYSIS = YES;
				CLANG_WARN_STRICT_PROTOTYPES = YES;
				CLANG_WARN_SUSPICIOUS_MOVE = YES;
				CLANG_WARN_UNGUARDED_AVAILABILITY = YES_AGGRESSIVE;
				CLANG_WARN_UNREACHABLE_CODE = YES;
				CLANG_WARN__DUPLICATE_METHOD_MATCH = YES;
				CODE_SIGN_IDENTITY = "iPhone Developer";
				COPY_PHASE_STRIP = NO;
				DEBUG_INFORMATION_FORMAT = "dwarf-with-dsym";
				ENABLE_NS_ASSERTIONS = NO;
				ENABLE_STRICT_OBJC_MSGSEND = YES;
				GCC_C_LANGUAGE_STANDARD = gnu11;
				GCC_NO_COMMON_BLOCKS = YES;
				GCC_WARN_64_TO_32_BIT_CONVERSION = YES;
				GCC_WARN_ABOUT_RETURN_TYPE = YES_ERROR;
				GCC_WARN_UNDECLARED_SELECTOR = YES;
				GCC_WARN_UNINITIALIZED_AUTOS = YES_AGGRESSIVE;
				GCC_WARN_UNUSED_FUNCTION = YES;
				GCC_WARN_UNUSED_VARIABLE = YES;
				IPHONEOS_DEPLOYMENT_TARGET = 11.4;
				MTL_ENABLE_DEBUG_INFO = NO;
				SDKROOT = iphoneos;
				SWIFT_COMPILATION_MODE = wholemodule;
				SWIFT_OPTIMIZATION_LEVEL = "-O";
				VALIDATE_PRODUCT = YES;
			};
			name = Release;
		};
		1855DC1E21D1E93700FABF34 /* Debug */ = {
			isa = XCBuildConfiguration;
			baseConfigurationReference = A7FEAD4E72B314266077217C /* Pods-MYSelf.debug.xcconfig */;
			buildSettings = {
				ASSETCATALOG_COMPILER_APPICON_NAME = AppIcon;
				CODE_SIGN_STYLE = Automatic;
				DEVELOPMENT_TEAM = U73832P53Q;
				INFOPLIST_FILE = MYSelf/Info.plist;
				LD_RUNPATH_SEARCH_PATHS = (
					"$(inherited)",
					"@executable_path/Frameworks",
				);
				PRODUCT_BUNDLE_IDENTIFIER = com.MY.MYSelf;
				PRODUCT_NAME = "$(TARGET_NAME)";
				SWIFT_VERSION = 4.0;
				TARGETED_DEVICE_FAMILY = "1,2";
			};
			name = Debug;
		};
		1855DC1F21D1E93700FABF34 /* Release */ = {
			isa = XCBuildConfiguration;
			baseConfigurationReference = D33685A056301537C95ADC3F /* Pods-MYSelf.release.xcconfig */;
			buildSettings = {
				ASSETCATALOG_COMPILER_APPICON_NAME = AppIcon;
				CODE_SIGN_STYLE = Automatic;
				DEVELOPMENT_TEAM = U73832P53Q;
				INFOPLIST_FILE = MYSelf/Info.plist;
				LD_RUNPATH_SEARCH_PATHS = (
					"$(inherited)",
					"@executable_path/Frameworks",
				);
				PRODUCT_BUNDLE_IDENTIFIER = com.MY.MYSelf;
				PRODUCT_NAME = "$(TARGET_NAME)";
				SWIFT_VERSION = 4.0;
				TARGETED_DEVICE_FAMILY = "1,2";
			};
			name = Release;
		};
/* End XCBuildConfiguration section */

/* Begin XCConfigurationList section */
		1855DC0621D1E93500FABF34 /* Build configuration list for PBXProject "MYSelf" */ = {
			isa = XCConfigurationList;
			buildConfigurations = (
				1855DC1B21D1E93700FABF34 /* Debug */,
				1855DC1C21D1E93700FABF34 /* Release */,
			);
			defaultConfigurationIsVisible = 0;
			defaultConfigurationName = Release;
		};
		1855DC1D21D1E93700FABF34 /* Build configuration list for PBXNativeTarget "MYSelf" */ = {
			isa = XCConfigurationList;
			buildConfigurations = (
				1855DC1E21D1E93700FABF34 /* Debug */,
				1855DC1F21D1E93700FABF34 /* Release */,
			);
			defaultConfigurationIsVisible = 0;
			defaultConfigurationName = Release;
		};
/* End XCConfigurationList section */
	};
	rootObject = 1855DC0321D1E93500FABF34 /* Project object */;
}
